
Microsoft Visual Studio Solution File, Format Version 12.00
# Visual Studio Version 16
VisualStudioVersion = 16.0.29519.181
MinimumVisualStudioVersion = 10.0.40219.1
Project("{FAE04EC0-301F-11D3-BF4B-00C04F79EFBC}") = "IterasijaPerStringa", "IterasijaPerStringa\IterasijaPerStringa.csproj", "{4F1040BA-00C0-424D-8D73-8D550A1E7E6E}"
EndProject
Global
	GlobalSection(SolutionConfigurationPlatforms) = preSolution
		Debug|Any CPU = Debug|Any CPU
		Release|Any CPU = Release|Any CPU
	EndGlobalSection
	GlobalSection(ProjectConfigurationPlatforms) = postSolution
		{4F1040BA-00C0-424D-8D73-8D550A1E7E6E}.Debug|Any CPU.ActiveCfg = Debug|Any CPU
		{4F1040BA-00C0-424D-8D73-8D550A1E7E6E}.Debug|Any CPU.Build.0 = Debug|Any CPU
		{4F1040BA-00C0-424D-8D73-8D550A1E7E6E}.Release|Any CPU.ActiveCfg = Release|Any CPU
		{4F1040BA-00C0-424D-8D73-8D550A1E7E6E}.Release|Any CPU.Build.0 = Release|Any CPU
	EndGlobalSection
	GlobalSection(SolutionProperties) = preSolution
		HideSolutionNode = FALSE
	EndGlobalSection
	GlobalSection(ExtensibilityGlobals) = postSolution
		SolutionGuid = {06752B2C-D6E2-41F1-A04C-D862BE48E615}
	EndGlobalSection
EndGlobal
