
Microsoft Visual Studio Solution File, Format Version 12.00
# Visual Studio Version 16
VisualStudioVersion = 16.0.29519.181
MinimumVisualStudioVersion = 10.0.40219.1
Project("{FAE04EC0-301F-11D3-BF4B-00C04F79EFBC}") = "Form1", "Form1\Form1.csproj", "{DC184334-643B-49E3-B2BB-B3F9111562AB}"
EndProject
Global
	GlobalSection(SolutionConfigurationPlatforms) = preSolution
		Debug|Any CPU = Debug|Any CPU
		Release|Any CPU = Release|Any CPU
	EndGlobalSection
	GlobalSection(ProjectConfigurationPlatforms) = postSolution
		{DC184334-643B-49E3-B2BB-B3F9111562AB}.Debug|Any CPU.ActiveCfg = Debug|Any CPU
		{DC184334-643B-49E3-B2BB-B3F9111562AB}.Debug|Any CPU.Build.0 = Debug|Any CPU
		{DC184334-643B-49E3-B2BB-B3F9111562AB}.Release|Any CPU.ActiveCfg = Release|Any CPU
		{DC184334-643B-49E3-B2BB-B3F9111562AB}.Release|Any CPU.Build.0 = Release|Any CPU
	EndGlobalSection
	GlobalSection(SolutionProperties) = preSolution
		HideSolutionNode = FALSE
	EndGlobalSection
	GlobalSection(ExtensibilityGlobals) = postSolution
		SolutionGuid = {A29223CA-D1AD-451D-9B38-29F72342E655}
	EndGlobalSection
EndGlobal
